
Microsoft Visual Studio Solution File, Format Version 12.00
# Visual Studio Version 17
VisualStudioVersion = 17.9.34902.65
MinimumVisualStudioVersion = 10.0.40219.1
Project("{9A19103F-16F7-4668-BE54-9A1E7A4F7556}") = "GarageCoreAPI", "GarageCoreMVC\GarageCoreAPI.csproj", "{0F447C3E-625C-4E1D-9D9B-0F2C15A74689}"
EndProject
Project("{9A19103F-16F7-4668-BE54-9A1E7A4F7556}") = "GarageCoreAPI.Tests", "GarageCoreAPI.Tests\GarageCoreAPI.Tests.csproj", "{9CD95ABF-9AD8-4FD5-8C84-7505C0DB1BA6}"
EndProject
Global
	GlobalSection(SolutionConfigurationPlatforms) = preSolution
		Debug|Any CPU = Debug|Any CPU
		Release|Any CPU = Release|Any CPU
	EndGlobalSection
	GlobalSection(ProjectConfigurationPlatforms) = postSolution
		{0F447C3E-625C-4E1D-9D9B-0F2C15A74689}.Debug|Any CPU.ActiveCfg = Debug|Any CPU
		{0F447C3E-625C-4E1D-9D9B-0F2C15A74689}.Debug|Any CPU.Build.0 = Debug|Any CPU
		{0F447C3E-625C-4E1D-9D9B-0F2C15A74689}.Release|Any CPU.ActiveCfg = Release|Any CPU
		{0F447C3E-625C-4E1D-9D9B-0F2C15A74689}.Release|Any CPU.Build.0 = Release|Any CPU
		{9CD95ABF-9AD8-4FD5-8C84-7505C0DB1BA6}.Debug|Any CPU.ActiveCfg = Debug|Any CPU
		{9CD95ABF-9AD8-4FD5-8C84-7505C0DB1BA6}.Debug|Any CPU.Build.0 = Debug|Any CPU
		{9CD95ABF-9AD8-4FD5-8C84-7505C0DB1BA6}.Release|Any CPU.ActiveCfg = Release|Any CPU
		{9CD95ABF-9AD8-4FD5-8C84-7505C0DB1BA6}.Release|Any CPU.Build.0 = Release|Any CPU
	EndGlobalSection
	GlobalSection(SolutionProperties) = preSolution
		HideSolutionNode = FALSE
	EndGlobalSection
	GlobalSection(ExtensibilityGlobals) = postSolution
		SolutionGuid = {8E5FA16D-292A-4EE9-99D7-336BFCCBA3B3}
	EndGlobalSection
EndGlobal
